
Microsoft Visual Studio Solution File, Format Version 12.00
# Visual Studio Version 17
VisualStudioVersion = 17.0.31423.177
MinimumVisualStudioVersion = 10.0.40219.1
Project("{FAE04EC0-301F-11D3-BF4B-00C04F79EFBC}") = "AkatsukiDokkanInterrogator", "AkatsukiDokkanInterrogator\AkatsukiDokkanInterrogator.csproj", "{C430F2BD-53F3-4AF0-B19C-E3706462EE15}"
EndProject
Global
	GlobalSection(SolutionConfigurationPlatforms) = preSolution
		Debug|Any CPU = Debug|Any CPU
		Release|Any CPU = Release|Any CPU
	EndGlobalSection
	GlobalSection(ProjectConfigurationPlatforms) = postSolution
		{C430F2BD-53F3-4AF0-B19C-E3706462EE15}.Debug|Any CPU.ActiveCfg = Debug|Any CPU
		{C430F2BD-53F3-4AF0-B19C-E3706462EE15}.Debug|Any CPU.Build.0 = Debug|Any CPU
		{C430F2BD-53F3-4AF0-B19C-E3706462EE15}.Release|Any CPU.ActiveCfg = Release|Any CPU
		{C430F2BD-53F3-4AF0-B19C-E3706462EE15}.Release|Any CPU.Build.0 = Release|Any CPU
	EndGlobalSection
	GlobalSection(SolutionProperties) = preSolution
		HideSolutionNode = FALSE
	EndGlobalSection
	GlobalSection(ExtensibilityGlobals) = postSolution
		SolutionGuid = {33A70DD1-15AC-4212-906F-7DC226F074D4}
	EndGlobalSection
EndGlobal
